// !$*UTF8*$!
{
	archiveVersion = 1;
	classes = {
	};
	objectVersion = 56;
	objects = {

/* Begin PBXBuildFile section */
		C2C431322A1B0FC7006780DB /* AppDelegate.swift in Sources */ = {isa = PBXBuildFile; fileRef = C2C431312A1B0FC7006780DB /* AppDelegate.swift */; };
		C2C431342A1B0FC7006780DB /* ContentView.swift in Sources */ = {isa = PBXBuildFile; fileRef = C2C431332A1B0FC7006780DB /* ContentView.swift */; };
		C2C431362A1B0FC7006780DB /* Experience.rcproject in Sources */ = {isa = PBXBuildFile; fileRef = C2C431352A1B0FC7006780DB /* Experience.rcproject */; };
		C2C431382A1B0FC9006780DB /* Assets.xcassets in Resources */ = {isa = PBXBuildFile; fileRef = C2C431372A1B0FC9006780DB /* Assets.xcassets */; };
		C2C4313B2A1B0FC9006780DB /* Preview Assets.xcassets in Resources */ = {isa = PBXBuildFile; fileRef = C2C4313A2A1B0FC9006780DB /* Preview Assets.xcassets */; };
		C2C431452A1B0FC9006780DB /* firstTests.swift in Sources */ = {isa = PBXBuildFile; fileRef = C2C431442A1B0FC9006780DB /* firstTests.swift */; };
		C2C4314F2A1B0FC9006780DB /* firstUITests.swift in Sources */ = {isa = PBXBuildFile; fileRef = C2C4314E2A1B0FC9006780DB /* firstUITests.swift */; };
		C2C431512A1B0FC9006780DB /* firstUITestsLaunchTests.swift in Sources */ = {isa = PBXBuildFile; fileRef = C2C431502A1B0FC9006780DB /* firstUITestsLaunchTests.swift */; };
/* End PBXBuildFile section */

/* Begin PBXContainerItemProxy section */
		C2C431412A1B0FC9006780DB /* PBXContainerItemProxy */ = {
			isa = PBXContainerItemProxy;
			containerPortal = C2C431262A1B0FC7006780DB /* Project object */;
			proxyType = 1;
			remoteGlobalIDString = C2C4312D2A1B0FC7006780DB;
			remoteInfo = first;
		};
		C2C4314B2A1B0FC9006780DB /* PBXContainerItemProxy */ = {
			isa = PBXContainerItemProxy;
			containerPortal = C2C431262A1B0FC7006780DB /* Project object */;
			proxyType = 1;
			remoteGlobalIDString = C2C4312D2A1B0FC7006780DB;
			remoteInfo = first;
		};
/* End PBXContainerItemProxy section */

/* Begin PBXFileReference section */
		C2C4312E2A1B0FC7006780DB /* first.app */ = {isa = PBXFileReference; explicitFileType = wrapper.application; includeInIndex = 0; path = first.app; sourceTree = BUILT_PRODUCTS_DIR; };
		C2C431312A1B0FC7006780DB /* AppDelegate.swift */ = {isa = PBXFileReference; lastKnownFileType = sourcecode.swift; path = AppDelegate.swift; sourceTree = "<group>"; };
		C2C431332A1B0FC7006780DB /* ContentView.swift */ = {isa = PBXFileReference; lastKnownFileType = sourcecode.swift; path = ContentView.swift; sourceTree = "<group>"; };
		C2C431352A1B0FC7006780DB /* Experience.rcproject */ = {isa = PBXFileReference; lastKnownFileType = file.rcproject; path = Experience.rcproject; sourceTree = "<group>"; };
		C2C431372A1B0FC9006780DB /* Assets.xcassets */ = {isa = PBXFileReference; lastKnownFileType = folder.assetcatalog; path = Assets.xcassets; sourceTree = "<group>"; };
		C2C4313A2A1B0FC9006780DB /* Preview Assets.xcassets */ = {isa = PBXFileReference; lastKnownFileType = folder.assetcatalog; path = "Preview Assets.xcassets"; sourceTree = "<group>"; };
		C2C431402A1B0FC9006780DB /* firstTests.xctest */ = {isa = PBXFileReference; explicitFileType = wrapper.cfbundle; includeInIndex = 0; path = firstTests.xctest; sourceTree = BUILT_PRODUCTS_DIR; };
		C2C431442A1B0FC9006780DB /* firstTests.swift */ = {isa = PBXFileReference; lastKnownFileType = sourcecode.swift; path = firstTests.swift; sourceTree = "<group>"; };
		C2C4314A2A1B0FC9006780DB /* firstUITests.xctest */ = {isa = PBXFileReference; explicitFileType = wrapper.cfbundle; includeInIndex = 0; path = firstUITests.xctest; sourceTree = BUILT_PRODUCTS_DIR; };
		C2C4314E2A1B0FC9006780DB /* firstUITests.swift */ = {isa = PBXFileReference; lastKnownFileType = sourcecode.swift; path = firstUITests.swift; sourceTree = "<group>"; };
		C2C431502A1B0FC9006780DB /* firstUITestsLaunchTests.swift */ = {isa = PBXFileReference; lastKnownFileType = sourcecode.swift; path = firstUITestsLaunchTests.swift; sourceTree = "<group>"; };
/* End PBXFileReference section */

/* Begin PBXFrameworksBuildPhase section */
		C2C4312B2A1B0FC7006780DB /* Frameworks */ = {
			isa = PBXFrameworksBuildPhase;
			buildActionMask = 2147483647;
			files = (
			);
			runOnlyForDeploymentPostprocessing = 0;
		};
		C2C4313D2A1B0FC9006780DB /* Frameworks */ = {
			isa = PBXFrameworksBuildPhase;
			buildActionMask = 2147483647;
			files = (
			);
			runOnlyForDeploymentPostprocessing = 0;
		};
		C2C431472A1B0FC9006780DB /* Frameworks */ = {
			isa = PBXFrameworksBuildPhase;
			buildActionMask = 2147483647;
			files = (
			);
			runOnlyForDeploymentPostprocessing = 0;
		};
/* End PBXFrameworksBuildPhase section */

/* Begin PBXGroup section */
		C2C431252A1B0FC7006780DB = {
			isa = PBXGroup;
			children = (
				C2C431302A1B0FC7006780DB /* first */,
				C2C431432A1B0FC9006780DB /* firstTests */,
				C2C4314D2A1B0FC9006780DB /* firstUITests */,
				C2C4312F2A1B0FC7006780DB /* Products */,
			);
			sourceTree = "<group>";
		};
		C2C4312F2A1B0FC7006780DB /* Products */ = {
			isa = PBXGroup;
			children = (
				C2C4312E2A1B0FC7006780DB /* first.app */,
				C2C431402A1B0FC9006780DB /* firstTests.xctest */,
				C2C4314A2A1B0FC9006780DB /* firstUITests.xctest */,
			);
			name = Products;
			sourceTree = "<group>";
		};
		C2C431302A1B0FC7006780DB /* first */ = {
			isa = PBXGroup;
			children = (
				C2C431312A1B0FC7006780DB /* AppDelegate.swift */,
				C2C431332A1B0FC7006780DB /* ContentView.swift */,
				C2C431352A1B0FC7006780DB /* Experience.rcproject */,
				C2C431372A1B0FC9006780DB /* Assets.xcassets */,
				C2C431392A1B0FC9006780DB /* Preview Content */,
			);
			path = first;
			sourceTree = "<group>";
		};
		C2C431392A1B0FC9006780DB /* Preview Content */ = {
			isa = PBXGroup;
			children = (
				C2C4313A2A1B0FC9006780DB /* Preview Assets.xcassets */,
			);
			path = "Preview Content";
			sourceTree = "<group>";
		};
		C2C431432A1B0FC9006780DB /* firstTests */ = {
			isa = PBXGroup;
			children = (
				C2C431442A1B0FC9006780DB /* firstTests.swift */,
			);
			path = firstTests;
			sourceTree = "<group>";
		};
		C2C4314D2A1B0FC9006780DB /* firstUITests */ = {
			isa = PBXGroup;
			children = (
				C2C4314E2A1B0FC9006780DB /* firstUITests.swift */,
				C2C431502A1B0FC9006780DB /* firstUITestsLaunchTests.swift */,
			);
			path = firstUITests;
			sourceTree = "<group>";
		};
/* End PBXGroup section */

/* Begin PBXNativeTarget section */
		C2C4312D2A1B0FC7006780DB /* first */ = {
			isa = PBXNativeTarget;
			buildConfigurationList = C2C431542A1B0FC9006780DB /* Build configuration list for PBXNativeTarget "first" */;
			buildPhases = (
				C2C4312A2A1B0FC7006780DB /* Sources */,
				C2C4312B2A1B0FC7006780DB /* Frameworks */,
				C2C4312C2A1B0FC7006780DB /* Resources */,
			);
			buildRules = (
			);
			dependencies = (
			);
			name = first;
			productName = first;
			productReference = C2C4312E2A1B0FC7006780DB /* first.app */;
			productType = "com.apple.product-type.application";
		};
		C2C4313F2A1B0FC9006780DB /* firstTests */ = {
			isa = PBXNativeTarget;
			buildConfigurationList = C2C431572A1B0FC9006780DB /* Build configuration list for PBXNativeTarget "firstTests" */;
			buildPhases = (
				C2C4313C2A1B0FC9006780DB /* Sources */,
				C2C4313D2A1B0FC9006780DB /* Frameworks */,
				C2C4313E2A1B0FC9006780DB /* Resources */,
			);
			buildRules = (
			);
			dependencies = (
				C2C431422A1B0FC9006780DB /* PBXTargetDependency */,
			);
			name = firstTests;
			productName = firstTests;
			productReference = C2C431402A1B0FC9006780DB /* firstTests.xctest */;
			productType = "com.apple.product-type.bundle.unit-test";
		};
		C2C431492A1B0FC9006780DB /* firstUITests */ = {
			isa = PBXNativeTarget;
			buildConfigurationList = C2C4315A2A1B0FC9006780DB /* Build configuration list for PBXNativeTarget "firstUITests" */;
			buildPhases = (
				C2C431462A1B0FC9006780DB /* Sources */,
				C2C431472A1B0FC9006780DB /* Frameworks */,
				C2C431482A1B0FC9006780DB /* Resources */,
			);
			buildRules = (
			);
			dependencies = (
				C2C4314C2A1B0FC9006780DB /* PBXTargetDependency */,
			);
			name = firstUITests;
			productName = firstUITests;
			productReference = C2C4314A2A1B0FC9006780DB /* firstUITests.xctest */;
			productType = "com.apple.product-type.bundle.ui-testing";
		};
/* End PBXNativeTarget section */

/* Begin PBXProject section */
		C2C431262A1B0FC7006780DB /* Project object */ = {
			isa = PBXProject;
			attributes = {
				BuildIndependentTargetsInParallel = 1;
				LastSwiftUpdateCheck = 1430;
				LastUpgradeCheck = 1430;
				TargetAttributes = {
					C2C4312D2A1B0FC7006780DB = {
						CreatedOnToolsVersion = 14.3;
					};
					C2C4313F2A1B0FC9006780DB = {
						CreatedOnToolsVersion = 14.3;
						TestTargetID = C2C4312D2A1B0FC7006780DB;
					};
					C2C431492A1B0FC9006780DB = {
						CreatedOnToolsVersion = 14.3;
						TestTargetID = C2C4312D2A1B0FC7006780DB;
					};
				};
			};
			buildConfigurationList = C2C431292A1B0FC7006780DB /* Build configuration list for PBXProject "first" */;
			compatibilityVersion = "Xcode 14.0";
			developmentRegion = en;
			hasScannedForEncodings = 0;
			knownRegions = (
				en,
				Base,
			);
			mainGroup = C2C431252A1B0FC7006780DB;
			productRefGroup = C2C4312F2A1B0FC7006780DB /* Products */;
			projectDirPath = "";
			projectRoot = "";
			targets = (
				C2C4312D2A1B0FC7006780DB /* first */,
				C2C4313F2A1B0FC9006780DB /* firstTests */,
				C2C431492A1B0FC9006780DB /* firstUITests */,
			);
		};
/* End PBXProject section */

/* Begin PBXResourcesBuildPhase section */
		C2C4312C2A1B0FC7006780DB /* Resources */ = {
			isa = PBXResourcesBuildPhase;
			buildActionMask = 2147483647;
			files = (
				C2C4313B2A1B0FC9006780DB /* Preview Assets.xcassets in Resources */,
				C2C431382A1B0FC9006780DB /* Assets.xcassets in Resources */,
			);
			runOnlyForDeploymentPostprocessing = 0;
		};
		C2C4313E2A1B0FC9006780DB /* Resources */ = {
			isa = PBXResourcesBuildPhase;
			buildActionMask = 2147483647;
			files = (
			);
			runOnlyForDeploymentPostprocessing = 0;
		};
		C2C431482A1B0FC9006780DB /* Resources */ = {
			isa = PBXResourcesBuildPhase;
			buildActionMask = 2147483647;
			files = (
			);
			runOnlyForDeploymentPostprocessing = 0;
		};
/* End PBXResourcesBuildPhase section */

/* Begin PBXSourcesBuildPhase section */
		C2C4312A2A1B0FC7006780DB /* Sources */ = {
			isa = PBXSourcesBuildPhase;
			buildActionMask = 2147483647;
			files = (
				C2C431342A1B0FC7006780DB /* ContentView.swift in Sources */,
				C2C431322A1B0FC7006780DB /* AppDelegate.swift in Sources */,
				C2C431362A1B0FC7006780DB /* Experience.rcproject in Sources */,
			);
			runOnlyForDeploymentPostprocessing = 0;
		};
		C2C4313C2A1B0FC9006780DB /* Sources */ = {
			isa = PBXSourcesBuildPhase;
			buildActionMask = 2147483647;
			files = (
				C2C431452A1B0FC9006780DB /* firstTests.swift in Sources */,
			);
			runOnlyForDeploymentPostprocessing = 0;
		};
		C2C431462A1B0FC9006780DB /* Sources */ = {
			isa = PBXSourcesBuildPhase;
			buildActionMask = 2147483647;
			files = (
				C2C4314F2A1B0FC9006780DB /* firstUITests.swift in Sources */,
				C2C431512A1B0FC9006780DB /* firstUITestsLaunchTests.swift in Sources */,
			);
			runOnlyForDeploymentPostprocessing = 0;
		};
/* End PBXSourcesBuildPhase section */

/* Begin PBXTargetDependency section */
		C2C431422A1B0FC9006780DB /* PBXTargetDependency */ = {
			isa = PBXTargetDependency;
			target = C2C4312D2A1B0FC7006780DB /* first */;
			targetProxy = C2C431412A1B0FC9006780DB /* PBXContainerItemProxy */;
		};
		C2C4314C2A1B0FC9006780DB /* PBXTargetDependency */ = {
			isa = PBXTargetDependency;
			target = C2C4312D2A1B0FC7006780DB /* first */;
			targetProxy = C2C4314B2A1B0FC9006780DB /* PBXContainerItemProxy */;
		};
/* End PBXTargetDependency section */

/* Begin XCBuildConfiguration section */
		C2C431522A1B0FC9006780DB /* Debug */ = {
			isa = XCBuildConfiguration;
			buildSettings = {
				ALWAYS_SEARCH_USER_PATHS = NO;
				CLANG_ANALYZER_NONNULL = YES;
				CLANG_ANALYZER_NUMBER_OBJECT_CONVERSION = YES_AGGRESSIVE;
				CLANG_CXX_LANGUAGE_STANDARD = "gnu++20";
				CLANG_ENABLE_MODULES = YES;
				CLANG_ENABLE_OBJC_ARC = YES;
				CLANG_ENABLE_OBJC_WEAK = YES;
				CLANG_WARN_BLOCK_CAPTURE_AUTORELEASING = YES;
				CLANG_WARN_BOOL_CONVERSION = YES;
				CLANG_WARN_COMMA = YES;
				CLANG_WARN_CONSTANT_CONVERSION = YES;
				CLANG_WARN_DEPRECATED_OBJC_IMPLEMENTATIONS = YES;
				CLANG_WARN_DIRECT_OBJC_ISA_USAGE = YES_ERROR;
				CLANG_WARN_DOCUMENTATION_COMMENTS = YES;
				CLANG_WARN_EMPTY_BODY = YES;
				CLANG_WARN_ENUM_CONVERSION = YES;
				CLANG_WARN_INFINITE_RECURSION = YES;
				CLANG_WARN_INT_CONVERSION = YES;
				CLANG_WARN_NON_LITERAL_NULL_CONVERSION = YES;
				CLANG_WARN_OBJC_IMPLICIT_RETAIN_SELF = YES;
				CLANG_WARN_OBJC_LITERAL_CONVERSION = YES;
				CLANG_WARN_OBJC_ROOT_CLASS = YES_ERROR;
				CLANG_WARN_QUOTED_INCLUDE_IN_FRAMEWORK_HEADER = YES;
				CLANG_WARN_RANGE_LOOP_ANALYSIS = YES;
				CLANG_WARN_STRICT_PROTOTYPES = YES;
				CLANG_WARN_SUSPICIOUS_MOVE = YES;
				CLANG_WARN_UNGUARDED_AVAILABILITY = YES_AGGRESSIVE;
				CLANG_WARN_UNREACHABLE_CODE = YES;
				CLANG_WARN__DUPLICATE_METHOD_MATCH = YES;
				COPY_PHASE_STRIP = NO;
				DEBUG_INFORMATION_FORMAT = dwarf;
				ENABLE_STRICT_OBJC_MSGSEND = YES;
				ENABLE_TESTABILITY = YES;
				GCC_C_LANGUAGE_STANDARD = gnu11;
				GCC_DYNAMIC_NO_PIC = NO;
				GCC_NO_COMMON_BLOCKS = YES;
				GCC_OPTIMIZATION_LEVEL = 0;
				GCC_PREPROCESSOR_DEFINITIONS = (
					"DEBUG=1",
					"$(inherited)",
				);
				GCC_WARN_64_TO_32_BIT_CONVERSION = YES;
				GCC_WARN_ABOUT_RETURN_TYPE = YES_ERROR;
				GCC_WARN_UNDECLARED_SELECTOR = YES;
				GCC_WARN_UNINITIALIZED_AUTOS = YES_AGGRESSIVE;
				GCC_WARN_UNUSED_FUNCTION = YES;
				GCC_WARN_UNUSED_VARIABLE = YES;
				IPHONEOS_DEPLOYMENT_TARGET = 16.4;
				MTL_ENABLE_DEBUG_INFO = INCLUDE_SOURCE;
				MTL_FAST_MATH = YES;
				ONLY_ACTIVE_ARCH = YES;
				SDKROOT = iphoneos;
				SWIFT_ACTIVE_COMPILATION_CONDITIONS = DEBUG;
				SWIFT_OPTIMIZATION_LEVEL = "-Onone";
			};
			name = Debug;
		};
		C2C431532A1B0FC9006780DB /* Release */ = {
			isa = XCBuildConfiguration;
			buildSettings = {
				ALWAYS_SEARCH_USER_PATHS = NO;
				CLANG_ANALYZER_NONNULL = YES;
				CLANG_ANALYZER_NUMBER_OBJECT_CONVERSION = YES_AGGRESSIVE;
				CLANG_CXX_LANGUAGE_STANDARD = "gnu++20";
				CLANG_ENABLE_MODULES = YES;
				CLANG_ENABLE_OBJC_ARC = YES;
				CLANG_ENABLE_OBJC_WEAK = YES;
				CLANG_WARN_BLOCK_CAPTURE_AUTORELEASING = YES;
				CLANG_WARN_BOOL_CONVERSION = YES;
				CLANG_WARN_COMMA = YES;
				CLANG_WARN_CONSTANT_CONVERSION = YES;
				CLANG_WARN_DEPRECATED_OBJC_IMPLEMENTATIONS = YES;
				CLANG_WARN_DIRECT_OBJC_ISA_USAGE = YES_ERROR;
				CLANG_WARN_DOCUMENTATION_COMMENTS = YES;
				CLANG_WARN_EMPTY_BODY = YES;
				CLANG_WARN_ENUM_CONVERSION = YES;
				CLANG_WARN_INFINITE_RECURSION = YES;
				CLANG_WARN_INT_CONVERSION = YES;
				CLANG_WARN_NON_LITERAL_NULL_CONVERSION = YES;
				CLANG_WARN_OBJC_IMPLICIT_RETAIN_SELF = YES;
				CLANG_WARN_OBJC_LITERAL_CONVERSION = YES;
				CLANG_WARN_OBJC_ROOT_CLASS = YES_ERROR;
				CLANG_WARN_QUOTED_INCLUDE_IN_FRAMEWORK_HEADER = YES;
				CLANG_WARN_RANGE_LOOP_ANALYSIS = YES;
				CLANG_WARN_STRICT_PROTOTYPES = YES;
				CLANG_WARN_SUSPICIOUS_MOVE = YES;
				CLANG_WARN_UNGUARDED_AVAILABILITY = YES_AGGRESSIVE;
				CLANG_WARN_UNREACHABLE_CODE = YES;
				CLANG_WARN__DUPLICATE_METHOD_MATCH = YES;
				COPY_PHASE_STRIP = NO;
				DEBUG_INFORMATION_FORMAT = "dwarf-with-dsym";
				ENABLE_NS_ASSERTIONS = NO;
				ENABLE_STRICT_OBJC_MSGSEND = YES;
				GCC_C_LANGUAGE_STANDARD = gnu11;
				GCC_NO_COMMON_BLOCKS = YES;
				GCC_WARN_64_TO_32_BIT_CONVERSION = YES;
				GCC_WARN_ABOUT_RETURN_TYPE = YES_ERROR;
				GCC_WARN_UNDECLARED_SELECTOR = YES;
				GCC_WARN_UNINITIALIZED_AUTOS = YES_AGGRESSIVE;
				GCC_WARN_UNUSED_FUNCTION = YES;
				GCC_WARN_UNUSED_VARIABLE = YES;
				IPHONEOS_DEPLOYMENT_TARGET = 16.4;
				MTL_ENABLE_DEBUG_INFO = NO;
				MTL_FAST_MATH = YES;
				SDKROOT = iphoneos;
				SWIFT_COMPILATION_MODE = wholemodule;
				SWIFT_OPTIMIZATION_LEVEL = "-O";
				VALIDATE_PRODUCT = YES;
			};
			name = Release;
		};
		C2C431552A1B0FC9006780DB /* Debug */ = {
			isa = XCBuildConfiguration;
			buildSettings = {
				ASSETCATALOG_COMPILER_APPICON_NAME = AppIcon;
				ASSETCATALOG_COMPILER_GLOBAL_ACCENT_COLOR_NAME = AccentColor;
				CODE_SIGN_STYLE = Automatic;
				CURRENT_PROJECT_VERSION = 1;
				DEVELOPMENT_ASSET_PATHS = "\"first/Preview Content\"";
				ENABLE_PREVIEWS = YES;
				GENERATE_INFOPLIST_FILE = YES;
				INFOPLIST_KEY_NSCameraUsageDescription = "";
				INFOPLIST_KEY_UIApplicationSupportsIndirectInputEvents = YES;
				INFOPLIST_KEY_UILaunchScreen_Generation = YES;
				INFOPLIST_KEY_UIRequiredDeviceCapabilities = arkit;
				INFOPLIST_KEY_UIStatusBarHidden = YES;
				INFOPLIST_KEY_UISupportedInterfaceOrientations_iPad = "UIInterfaceOrientationPortrait UIInterfaceOrientationPortraitUpsideDown UIInterfaceOrientationLandscapeLeft UIInterfaceOrientationLandscapeRight";
				INFOPLIST_KEY_UISupportedInterfaceOrientations_iPhone = "UIInterfaceOrientationPortrait UIInterfaceOrientationLandscapeLeft UIInterfaceOrientationLandscapeRight";
				LD_RUNPATH_SEARCH_PATHS = (
					"$(inherited)",
					"@executable_path/Frameworks",
				);
				MARKETING_VERSION = 1.0;
				PRODUCT_BUNDLE_IDENTIFIER = jieun.first;
				PRODUCT_NAME = "$(TARGET_NAME)";
				SWIFT_EMIT_LOC_STRINGS = YES;
				SWIFT_VERSION = 5.0;
				TARGETED_DEVICE_FAMILY = "1,2";
			};
			name = Debug;
		};
		C2C431562A1B0FC9006780DB /* Release */ = {
			isa = XCBuildConfiguration;
			buildSettings = {
				ASSETCATALOG_COMPILER_APPICON_NAME = AppIcon;
				ASSETCATALOG_COMPILER_GLOBAL_ACCENT_COLOR_NAME = AccentColor;
				CODE_SIGN_STYLE = Automatic;
				CURRENT_PROJECT_VERSION = 1;
				DEVELOPMENT_ASSET_PATHS = "\"first/Preview Content\"";
				ENABLE_PREVIEWS = YES;
				GENERATE_INFOPLIST_FILE = YES;
				INFOPLIST_KEY_NSCameraUsageDescription = "";
				INFOPLIST_KEY_UIApplicationSupportsIndirectInputEvents = YES;
				INFOPLIST_KEY_UILaunchScreen_Generation = YES;
				INFOPLIST_KEY_UIRequiredDeviceCapabilities = arkit;
				INFOPLIST_KEY_UIStatusBarHidden = YES;
				INFOPLIST_KEY_UISupportedInterfaceOrientations_iPad = "UIInterfaceOrientationPortrait UIInterfaceOrientationPortraitUpsideDown UIInterfaceOrientationLandscapeLeft UIInterfaceOrientationLandscapeRight";
				INFOPLIST_KEY_UISupportedInterfaceOrientations_iPhone = "UIInterfaceOrientationPortrait UIInterfaceOrientationLandscapeLeft UIInterfaceOrientationLandscapeRight";
				LD_RUNPATH_SEARCH_PATHS = (
					"$(inherited)",
					"@executable_path/Frameworks",
				);
				MARKETING_VERSION = 1.0;
				PRODUCT_BUNDLE_IDENTIFIER = jieun.first;
				PRODUCT_NAME = "$(TARGET_NAME)";
				SWIFT_EMIT_LOC_STRINGS = YES;
				SWIFT_VERSION = 5.0;
				TARGETED_DEVICE_FAMILY = "1,2";
			};
			name = Release;
		};
		C2C431582A1B0FC9006780DB /* Debug */ = {
			isa = XCBuildConfiguration;
			buildSettings = {
				ALWAYS_EMBED_SWIFT_STANDARD_LIBRARIES = YES;
				BUNDLE_LOADER = "$(TEST_HOST)";
				CODE_SIGN_STYLE = Automatic;
				CURRENT_PROJECT_VERSION = 1;
				GENERATE_INFOPLIST_FILE = YES;
				IPHONEOS_DEPLOYMENT_TARGET = 16.4;
				MARKETING_VERSION = 1.0;
				PRODUCT_BUNDLE_IDENTIFIER = jieun.firstTests;
				PRODUCT_NAME = "$(TARGET_NAME)";
				SWIFT_EMIT_LOC_STRINGS = NO;
				SWIFT_VERSION = 5.0;
				TARGETED_DEVICE_FAMILY = "1,2";
				TEST_HOST = "$(BUILT_PRODUCTS_DIR)/first.app/$(BUNDLE_EXECUTABLE_FOLDER_PATH)/first";
			};
			name = Debug;
		};
		C2C431592A1B0FC9006780DB /* Release */ = {
			isa = XCBuildConfiguration;
			buildSettings = {
				ALWAYS_EMBED_SWIFT_STANDARD_LIBRARIES = YES;
				BUNDLE_LOADER = "$(TEST_HOST)";
				CODE_SIGN_STYLE = Automatic;
				CURRENT_PROJECT_VERSION = 1;
				GENERATE_INFOPLIST_FILE = YES;
				IPHONEOS_DEPLOYMENT_TARGET = 16.4;
				MARKETING_VERSION = 1.0;
				PRODUCT_BUNDLE_IDENTIFIER = jieun.firstTests;
				PRODUCT_NAME = "$(TARGET_NAME)";
				SWIFT_EMIT_LOC_STRINGS = NO;
				SWIFT_VERSION = 5.0;
				TARGETED_DEVICE_FAMILY = "1,2";
				TEST_HOST = "$(BUILT_PRODUCTS_DIR)/first.app/$(BUNDLE_EXECUTABLE_FOLDER_PATH)/first";
			};
			name = Release;
		};
		C2C4315B2A1B0FC9006780DB /* Debug */ = {
			isa = XCBuildConfiguration;
			buildSettings = {
				ALWAYS_EMBED_SWIFT_STANDARD_LIBRARIES = YES;
				CODE_SIGN_STYLE = Automatic;
				CURRENT_PROJECT_VERSION = 1;
				GENERATE_INFOPLIST_FILE = YES;
				MARKETING_VERSION = 1.0;
				PRODUCT_BUNDLE_IDENTIFIER = jieun.firstUITests;
				PRODUCT_NAME = "$(TARGET_NAME)";
				SWIFT_EMIT_LOC_STRINGS = NO;
				SWIFT_VERSION = 5.0;
				TARGETED_DEVICE_FAMILY = "1,2";
				TEST_TARGET_NAME = first;
			};
			name = Debug;
		};
		C2C4315C2A1B0FC9006780DB /* Release */ = {
			isa = XCBuildConfiguration;
			buildSettings = {
				ALWAYS_EMBED_SWIFT_STANDARD_LIBRARIES = YES;
				CODE_SIGN_STYLE = Automatic;
				CURRENT_PROJECT_VERSION = 1;
				GENERATE_INFOPLIST_FILE = YES;
				MARKETING_VERSION = 1.0;
				PRODUCT_BUNDLE_IDENTIFIER = jieun.firstUITests;
				PRODUCT_NAME = "$(TARGET_NAME)";
				SWIFT_EMIT_LOC_STRINGS = NO;
				SWIFT_VERSION = 5.0;
				TARGETED_DEVICE_FAMILY = "1,2";
				TEST_TARGET_NAME = first;
			};
			name = Release;
		};
/* End XCBuildConfiguration section */

/* Begin XCConfigurationList section */
		C2C431292A1B0FC7006780DB /* Build configuration list for PBXProject "first" */ = {
			isa = XCConfigurationList;
			buildConfigurations = (
				C2C431522A1B0FC9006780DB /* Debug */,
				C2C431532A1B0FC9006780DB /* Release */,
			);
			defaultConfigurationIsVisible = 0;
			defaultConfigurationName = Release;
		};
		C2C431542A1B0FC9006780DB /* Build configuration list for PBXNativeTarget "first" */ = {
			isa = XCConfigurationList;
			buildConfigurations = (
				C2C431552A1B0FC9006780DB /* Debug */,
				C2C431562A1B0FC9006780DB /* Release */,
			);
			defaultConfigurationIsVisible = 0;
			defaultConfigurationName = Release;
		};
		C2C431572A1B0FC9006780DB /* Build configuration list for PBXNativeTarget "firstTests" */ = {
			isa = XCConfigurationList;
			buildConfigurations = (
				C2C431582A1B0FC9006780DB /* Debug */,
				C2C431592A1B0FC9006780DB /* Release */,
			);
			defaultConfigurationIsVisible = 0;
			defaultConfigurationName = Release;
		};
		C2C4315A2A1B0FC9006780DB /* Build configuration list for PBXNativeTarget "firstUITests" */ = {
			isa = XCConfigurationList;
			buildConfigurations = (
				C2C4315B2A1B0FC9006780DB /* Debug */,
				C2C4315C2A1B0FC9006780DB /* Release */,
			);
			defaultConfigurationIsVisible = 0;
			defaultConfigurationName = Release;
		};
/* End XCConfigurationList section */
	};
	rootObject = C2C431262A1B0FC7006780DB /* Project object */;
}
